
Microsoft Visual Studio Solution File, Format Version 12.00
# Visual Studio Version 17
VisualStudioVersion = 17.4.33213.308
MinimumVisualStudioVersion = 10.0.40219.1
Project("{FAE04EC0-301F-11D3-BF4B-00C04F79EFBC}") = "CW5-AdapterPrac", "CW5-AdapterPrac\CW5-AdapterPrac.csproj", "{514C407D-A76F-4876-819C-1432F420029D}"
EndProject
Global
	GlobalSection(SolutionConfigurationPlatforms) = preSolution
		Debug|Any CPU = Debug|Any CPU
		Release|Any CPU = Release|Any CPU
	EndGlobalSection
	GlobalSection(ProjectConfigurationPlatforms) = postSolution
		{514C407D-A76F-4876-819C-1432F420029D}.Debug|Any CPU.ActiveCfg = Debug|Any CPU
		{514C407D-A76F-4876-819C-1432F420029D}.Debug|Any CPU.Build.0 = Debug|Any CPU
		{514C407D-A76F-4876-819C-1432F420029D}.Release|Any CPU.ActiveCfg = Release|Any CPU
		{514C407D-A76F-4876-819C-1432F420029D}.Release|Any CPU.Build.0 = Release|Any CPU
	EndGlobalSection
	GlobalSection(SolutionProperties) = preSolution
		HideSolutionNode = FALSE
	EndGlobalSection
	GlobalSection(ExtensibilityGlobals) = postSolution
		SolutionGuid = {AF3B0C14-C08A-472F-8BD3-4CC5D33E51B3}
	EndGlobalSection
EndGlobal
